// !$*UTF8*$!
{
	archiveVersion = 1;
	classes = {
	};
	objectVersion = 60;
	objects = {

/* Begin PBXBuildFile section */
		29B269CAAD0AA32A038AF808 /* Cocoa.framework in Frameworks */ = {isa = PBXBuildFile; fileRef = 45DF0346474345DA98F88B95 /* Cocoa.framework */; };
		58BC6CD3754B6B7C554C2FCF /* Assets.xcassets in Resources */ = {isa = PBXBuildFile; fileRef = A9C463ED2E226080392F154A /* Assets.xcassets */; };
		5A0000000000000000000001 /* SupraAIApp.swift in Sources */ = {isa = PBXBuildFile; fileRef = 5A0000000000000000000101 /* SupraAIApp.swift */; };
		5A0000000000000000000002 /* AppEnvironment.swift in Sources */ = {isa = PBXBuildFile; fileRef = 5A0000000000000000000102 /* AppEnvironment.swift */; };
		5A0000000000000000000003 /* RootView.swift in Sources */ = {isa = PBXBuildFile; fileRef = 5A0000000000000000000103 /* RootView.swift */; };
		5A0000000000000000000004 /* MainShellView.swift in Sources */ = {isa = PBXBuildFile; fileRef = 5A0000000000000000000104 /* MainShellView.swift */; };
		5A0000000000000000000005 /* SidebarView.swift in Sources */ = {isa = PBXBuildFile; fileRef = 5A0000000000000000000105 /* SidebarView.swift */; };
		5A0000000000000000000006 /* AppRoute.swift in Sources */ = {isa = PBXBuildFile; fileRef = 5A0000000000000000000106 /* AppRoute.swift */; };
		5A0000000000000000000007 /* RuntimeStatusController.swift in Sources */ = {isa = PBXBuildFile; fileRef = 5A0000000000000000000107 /* RuntimeStatusController.swift */; };
		5A0000000000000000000008 /* main.swift in Sources */ = {isa = PBXBuildFile; fileRef = 5A0000000000000000000108 /* main.swift */; };
		5A0000000000000000000009 /* RuntimeServiceDelegate.swift in Sources */ = {isa = PBXBuildFile; fileRef = 5A0000000000000000000109 /* RuntimeServiceDelegate.swift */; };
		5A000000000000000000000A /* SupraRuntimeService.swift in Sources */ = {isa = PBXBuildFile; fileRef = 5A000000000000000000010A /* SupraRuntimeService.swift */; };
		5A000000000000000000000B /* SupraRuntimeService.xpc in Embed XPC Services */ = {isa = PBXBuildFile; fileRef = 5A0000000000000000000202 /* SupraRuntimeService.xpc */; settings = {ATTRIBUTES = (RemoveHeadersOnCopy, ); }; };
		5A000000000000000000000C /* SupraCore in Frameworks */ = {isa = PBXBuildFile; productRef = 5A0000000000000000000401 /* SupraCore */; };
		5A000000000000000000000D /* SupraStore in Frameworks */ = {isa = PBXBuildFile; productRef = 5A0000000000000000000402 /* SupraStore */; };
		5A000000000000000000000E /* SupraRuntimeInterface in Frameworks */ = {isa = PBXBuildFile; productRef = 5A0000000000000000000403 /* SupraRuntimeInterface */; };
		5A000000000000000000000F /* SupraRuntimeClient in Frameworks */ = {isa = PBXBuildFile; productRef = 5A0000000000000000000404 /* SupraRuntimeClient */; };
		5A0000000000000000000010 /* SupraDiagnostics in Frameworks */ = {isa = PBXBuildFile; productRef = 5A0000000000000000000405 /* SupraDiagnostics */; };
		5A0000000000000000000011 /* SupraDesignSystem in Frameworks */ = {isa = PBXBuildFile; productRef = 5A0000000000000000000406 /* SupraDesignSystem */; };
		5A0000000000000000000012 /* SupraCore in Frameworks */ = {isa = PBXBuildFile; productRef = 5A0000000000000000000407 /* SupraCore */; };
		5A0000000000000000000013 /* SupraRuntimeInterface in Frameworks */ = {isa = PBXBuildFile; productRef = 5A0000000000000000000408 /* SupraRuntimeInterface */; };
		5A0000000000000000000014 /* SupraDiagnostics in Frameworks */ = {isa = PBXBuildFile; productRef = 5A0000000000000000000409 /* SupraDiagnostics */; };
		5A0000000000000000000015 /* GRDB in Frameworks */ = {isa = PBXBuildFile; productRef = 5A000000000000000000040A /* GRDB */; };
		5A0000000000000000000016 /* MLX in Frameworks */ = {isa = PBXBuildFile; productRef = 5A000000000000000000040B /* MLX */; };
		5A0000000000000000000017 /* MLXLLM in Frameworks */ = {isa = PBXBuildFile; productRef = 5A000000000000000000040C /* MLXLLM */; };
		5A0000000000000000000018 /* RuntimeGenerationCoordinator.swift in Sources */ = {isa = PBXBuildFile; fileRef = 5A000000000000000000010D /* RuntimeGenerationCoordinator.swift */; };
		5A0000000000000000000019 /* GenerationEventBuffer.swift in Sources */ = {isa = PBXBuildFile; fileRef = 5A000000000000000000010E /* GenerationEventBuffer.swift */; };
		5A000000000000000000001A /* MLXModelController.swift in Sources */ = {isa = PBXBuildFile; fileRef = 5A000000000000000000010F /* MLXModelController.swift */; };
		5A000000000000000000001C /* RuntimeErrorMapper.swift in Sources */ = {isa = PBXBuildFile; fileRef = 5A0000000000000000000111 /* RuntimeErrorMapper.swift */; };
		5A000000000000000000001D /* MLXLMCommon in Frameworks */ = {isa = PBXBuildFile; productRef = 5A000000000000000000040D /* MLXLMCommon */; };
		5A000000000000000000001E /* MLXLMTokenizers in Frameworks */ = {isa = PBXBuildFile; productRef = 5A000000000000000000040E /* MLXLMTokenizers */; };
		5A000000000000000000001F /* GlobalChatsView.swift in Sources */ = {isa = PBXBuildFile; fileRef = 5A0000000000000000000112 /* GlobalChatsView.swift */; };
		5A0000000000000000000020 /* ModelsView.swift in Sources */ = {isa = PBXBuildFile; fileRef = 5A0000000000000000000113 /* ModelsView.swift */; };
		5A0000000000000000000021 /* SupraSessions in Frameworks */ = {isa = PBXBuildFile; productRef = 5A000000000000000000040F /* SupraSessions */; };
		5A0000000000000000000022 /* DiagnosticsView.swift in Sources */ = {isa = PBXBuildFile; fileRef = 5A0000000000000000000114 /* DiagnosticsView.swift */; };
		5A0000000000000000000023 /* SettingsView.swift in Sources */ = {isa = PBXBuildFile; fileRef = 5A0000000000000000000115 /* SettingsView.swift */; };
		5A0000000000000000000025 /* SupraNetworking in Frameworks */ = {isa = PBXBuildFile; productRef = 5A0000000000000000000410 /* SupraNetworking */; };
		5A0000000000000000000026 /* SupraResearch in Frameworks */ = {isa = PBXBuildFile; productRef = 5A0000000000000000000411 /* SupraResearch */; };
		5A0000000000000000000027 /* MatterWorkspaceView.swift in Sources */ = {isa = PBXBuildFile; fileRef = 5A0000000000000000000117 /* MatterWorkspaceView.swift */; };
		5A0000000000000000000028 /* MatterEditorSheet.swift in Sources */ = {isa = PBXBuildFile; fileRef = 5A0000000000000000000118 /* MatterEditorSheet.swift */; };
		5A0000000000000000000029 /* MatterResearchView.swift in Sources */ = {isa = PBXBuildFile; fileRef = 5A0000000000000000000119 /* MatterResearchView.swift */; };
		5A000000000000000000002A /* ResearchPlannerView.swift in Sources */ = {isa = PBXBuildFile; fileRef = 5A000000000000000000011A /* ResearchPlannerView.swift */; };
		5A000000000000000000002B /* ResearchSessionDetailView.swift in Sources */ = {isa = PBXBuildFile; fileRef = 5A000000000000000000011B /* ResearchSessionDetailView.swift */; };
		5A000000000000000000002C /* MatterAuthoritiesView.swift in Sources */ = {isa = PBXBuildFile; fileRef = 5A000000000000000000011C /* MatterAuthoritiesView.swift */; };
		5A000000000000000000002D /* AuthorityDetailView.swift in Sources */ = {isa = PBXBuildFile; fileRef = 5A000000000000000000011D /* AuthorityDetailView.swift */; };
		5A000000000000000000002E /* MatterOutputsView.swift in Sources */ = {isa = PBXBuildFile; fileRef = 5A000000000000000000011E /* MatterOutputsView.swift */; };
		5A000000000000000000002F /* OutputDetailView.swift in Sources */ = {isa = PBXBuildFile; fileRef = 5A000000000000000000011F /* OutputDetailView.swift */; };
		5A00000000000000000000E1 /* MLXEmbedders in Frameworks */ = {isa = PBXBuildFile; productRef = 5A0000000000000000000421 /* MLXEmbedders */; };
		5A00000000000000000000E2 /* MLXEmbeddingModelController.swift in Sources */ = {isa = PBXBuildFile; fileRef = 5A0000000000000000000130 /* MLXEmbeddingModelController.swift */; };
		5A00000000000000000000E3 /* MatterDocumentsView.swift in Sources */ = {isa = PBXBuildFile; fileRef = 5A0000000000000000000131 /* MatterDocumentsView.swift */; };
		89AC1CC2D0CFEA61CB407D94 /* ResearchAuthoritiesUITests.swift in Sources */ = {isa = PBXBuildFile; fileRef = BDDEEEEA83AAE455AE64D9F5 /* ResearchAuthoritiesUITests.swift */; };
/* End PBXBuildFile section */

/* Begin PBXContainerItemProxy section */
		1CD162E62CCA99A98C184B7D /* PBXContainerItemProxy */ = {
			isa = PBXContainerItemProxy;
			containerPortal = 5A0000000000000000000301 /* Project object */;
			proxyType = 1;
			remoteGlobalIDString = 5A0000000000000000000601;
			remoteInfo = SupraAI;
		};
		5A0000000000000000000501 /* PBXContainerItemProxy */ = {
			isa = PBXContainerItemProxy;
			containerPortal = 5A0000000000000000000301 /* Project object */;
			proxyType = 1;
			remoteGlobalIDString = 5A0000000000000000000602;
			remoteInfo = SupraRuntimeService;
		};
/* End PBXContainerItemProxy section */

/* Begin PBXCopyFilesBuildPhase section */
		5A0000000000000000000701 /* Embed XPC Services */ = {
			isa = PBXCopyFilesBuildPhase;
			buildActionMask = 2147483647;
			dstPath = "$(CONTENTS_FOLDER_PATH)/XPCServices";
			dstSubfolderSpec = 16;
			files = (
				5A000000000000000000000B /* SupraRuntimeService.xpc in Embed XPC Services */,
			);
			name = "Embed XPC Services";
			runOnlyForDeploymentPostprocessing = 0;
		};
/* End PBXCopyFilesBuildPhase section */

/* Begin PBXFileReference section */
		45DF0346474345DA98F88B95 /* Cocoa.framework */ = {isa = PBXFileReference; lastKnownFileType = wrapper.framework; name = Cocoa.framework; path = Platforms/MacOSX.platform/Developer/SDKs/MacOSX15.0.sdk/System/Library/Frameworks/Cocoa.framework; sourceTree = DEVELOPER_DIR; };
		5A0000000000000000000101 /* SupraAIApp.swift */ = {isa = PBXFileReference; lastKnownFileType = sourcecode.swift; path = SupraAIApp.swift; sourceTree = "<group>"; };
		5A0000000000000000000102 /* AppEnvironment.swift */ = {isa = PBXFileReference; lastKnownFileType = sourcecode.swift; path = AppEnvironment.swift; sourceTree = "<group>"; };
		5A0000000000000000000103 /* RootView.swift */ = {isa = PBXFileReference; lastKnownFileType = sourcecode.swift; path = RootView.swift; sourceTree = "<group>"; };
		5A0000000000000000000104 /* MainShellView.swift */ = {isa = PBXFileReference; lastKnownFileType = sourcecode.swift; path = MainShellView.swift; sourceTree = "<group>"; };
		5A0000000000000000000105 /* SidebarView.swift */ = {isa = PBXFileReference; lastKnownFileType = sourcecode.swift; path = SidebarView.swift; sourceTree = "<group>"; };
		5A0000000000000000000106 /* AppRoute.swift */ = {isa = PBXFileReference; lastKnownFileType = sourcecode.swift; path = AppRoute.swift; sourceTree = "<group>"; };
		5A0000000000000000000107 /* RuntimeStatusController.swift */ = {isa = PBXFileReference; lastKnownFileType = sourcecode.swift; path = RuntimeStatusController.swift; sourceTree = "<group>"; };
		5A0000000000000000000108 /* main.swift */ = {isa = PBXFileReference; lastKnownFileType = sourcecode.swift; path = main.swift; sourceTree = "<group>"; };
		5A0000000000000000000109 /* RuntimeServiceDelegate.swift */ = {isa = PBXFileReference; lastKnownFileType = sourcecode.swift; path = RuntimeServiceDelegate.swift; sourceTree = "<group>"; };
		5A000000000000000000010A /* SupraRuntimeService.swift */ = {isa = PBXFileReference; lastKnownFileType = sourcecode.swift; path = SupraRuntimeService.swift; sourceTree = "<group>"; };
		5A000000000000000000010B /* SupraAI.entitlements */ = {isa = PBXFileReference; lastKnownFileType = text.plist.entitlements; path = SupraAI.entitlements; sourceTree = "<group>"; };
		5A000000000000000000010C /* SupraRuntimeService.entitlements */ = {isa = PBXFileReference; lastKnownFileType = text.plist.entitlements; path = SupraRuntimeService.entitlements; sourceTree = "<group>"; };
		5A000000000000000000010D /* RuntimeGenerationCoordinator.swift */ = {isa = PBXFileReference; lastKnownFileType = sourcecode.swift; path = RuntimeGenerationCoordinator.swift; sourceTree = "<group>"; };
		5A000000000000000000010E /* GenerationEventBuffer.swift */ = {isa = PBXFileReference; lastKnownFileType = sourcecode.swift; path = GenerationEventBuffer.swift; sourceTree = "<group>"; };
		5A000000000000000000010F /* MLXModelController.swift */ = {isa = PBXFileReference; lastKnownFileType = sourcecode.swift; path = MLXModelController.swift; sourceTree = "<group>"; };
		5A0000000000000000000111 /* RuntimeErrorMapper.swift */ = {isa = PBXFileReference; lastKnownFileType = sourcecode.swift; path = RuntimeErrorMapper.swift; sourceTree = "<group>"; };
		5A0000000000000000000112 /* GlobalChatsView.swift */ = {isa = PBXFileReference; lastKnownFileType = sourcecode.swift; path = GlobalChatsView.swift; sourceTree = "<group>"; };
		5A0000000000000000000113 /* ModelsView.swift */ = {isa = PBXFileReference; lastKnownFileType = sourcecode.swift; path = ModelsView.swift; sourceTree = "<group>"; };
		5A0000000000000000000114 /* DiagnosticsView.swift */ = {isa = PBXFileReference; lastKnownFileType = sourcecode.swift; path = DiagnosticsView.swift; sourceTree = "<group>"; };
		5A0000000000000000000115 /* SettingsView.swift */ = {isa = PBXFileReference; lastKnownFileType = sourcecode.swift; path = SettingsView.swift; sourceTree = "<group>"; };
		5A0000000000000000000117 /* MatterWorkspaceView.swift */ = {isa = PBXFileReference; lastKnownFileType = sourcecode.swift; path = MatterWorkspaceView.swift; sourceTree = "<group>"; };
		5A0000000000000000000118 /* MatterEditorSheet.swift */ = {isa = PBXFileReference; lastKnownFileType = sourcecode.swift; path = MatterEditorSheet.swift; sourceTree = "<group>"; };
		5A0000000000000000000119 /* MatterResearchView.swift */ = {isa = PBXFileReference; lastKnownFileType = sourcecode.swift; path = MatterResearchView.swift; sourceTree = "<group>"; };
		5A000000000000000000011A /* ResearchPlannerView.swift */ = {isa = PBXFileReference; lastKnownFileType = sourcecode.swift; path = ResearchPlannerView.swift; sourceTree = "<group>"; };
		5A000000000000000000011B /* ResearchSessionDetailView.swift */ = {isa = PBXFileReference; lastKnownFileType = sourcecode.swift; path = ResearchSessionDetailView.swift; sourceTree = "<group>"; };
		5A000000000000000000011C /* MatterAuthoritiesView.swift */ = {isa = PBXFileReference; lastKnownFileType = sourcecode.swift; path = MatterAuthoritiesView.swift; sourceTree = "<group>"; };
		5A000000000000000000011D /* AuthorityDetailView.swift */ = {isa = PBXFileReference; lastKnownFileType = sourcecode.swift; path = AuthorityDetailView.swift; sourceTree = "<group>"; };
		5A000000000000000000011E /* MatterOutputsView.swift */ = {isa = PBXFileReference; lastKnownFileType = sourcecode.swift; path = MatterOutputsView.swift; sourceTree = "<group>"; };
		5A000000000000000000011F /* OutputDetailView.swift */ = {isa = PBXFileReference; lastKnownFileType = sourcecode.swift; path = OutputDetailView.swift; sourceTree = "<group>"; };
		5A0000000000000000000130 /* MLXEmbeddingModelController.swift */ = {isa = PBXFileReference; lastKnownFileType = sourcecode.swift; path = MLXEmbeddingModelController.swift; sourceTree = "<group>"; };
		5A0000000000000000000131 /* MatterDocumentsView.swift */ = {isa = PBXFileReference; lastKnownFileType = sourcecode.swift; path = MatterDocumentsView.swift; sourceTree = "<group>"; };
		5A0000000000000000000201 /* SupraAI.app */ = {isa = PBXFileReference; explicitFileType = wrapper.application; includeInIndex = 0; path = SupraAI.app; sourceTree = BUILT_PRODUCTS_DIR; };
		5A0000000000000000000202 /* SupraRuntimeService.xpc */ = {isa = PBXFileReference; explicitFileType = "wrapper.xpc-service"; includeInIndex = 0; path = SupraRuntimeService.xpc; sourceTree = BUILT_PRODUCTS_DIR; };
		A9C463ED2E226080392F154A /* Assets.xcassets */ = {isa = PBXFileReference; includeInIndex = 1; lastKnownFileType = folder.assetcatalog; path = Assets.xcassets; sourceTree = "<group>"; };
		BDDEEEEA83AAE455AE64D9F5 /* ResearchAuthoritiesUITests.swift */ = {isa = PBXFileReference; includeInIndex = 1; lastKnownFileType = sourcecode.swift; path = ResearchAuthoritiesUITests.swift; sourceTree = "<group>"; };
		D8C3C2791CDAA8C922BB1970 /* SupraAIUITests.xctest */ = {isa = PBXFileReference; explicitFileType = wrapper.cfbundle; includeInIndex = 0; path = SupraAIUITests.xctest; sourceTree = BUILT_PRODUCTS_DIR; };
/* End PBXFileReference section */

/* Begin PBXFrameworksBuildPhase section */
		479F354D208F251234174CF6 /* Frameworks */ = {
			isa = PBXFrameworksBuildPhase;
			buildActionMask = 2147483647;
			files = (
				29B269CAAD0AA32A038AF808 /* Cocoa.framework in Frameworks */,
			);
			runOnlyForDeploymentPostprocessing = 0;
		};
		5A0000000000000000000801 /* Frameworks */ = {
			isa = PBXFrameworksBuildPhase;
			buildActionMask = 2147483647;
			files = (
				5A000000000000000000000C /* SupraCore in Frameworks */,
				5A000000000000000000000D /* SupraStore in Frameworks */,
				5A000000000000000000000E /* SupraRuntimeInterface in Frameworks */,
				5A000000000000000000000F /* SupraRuntimeClient in Frameworks */,
				5A0000000000000000000010 /* SupraDiagnostics in Frameworks */,
				5A0000000000000000000011 /* SupraDesignSystem in Frameworks */,
				5A0000000000000000000015 /* GRDB in Frameworks */,
				5A0000000000000000000021 /* SupraSessions in Frameworks */,
				5A0000000000000000000025 /* SupraNetworking in Frameworks */,
				5A0000000000000000000026 /* SupraResearch in Frameworks */,
			);
			runOnlyForDeploymentPostprocessing = 0;
		};
		5A0000000000000000000802 /* Frameworks */ = {
			isa = PBXFrameworksBuildPhase;
			buildActionMask = 2147483647;
			files = (
				5A0000000000000000000012 /* SupraCore in Frameworks */,
				5A0000000000000000000013 /* SupraRuntimeInterface in Frameworks */,
				5A0000000000000000000014 /* SupraDiagnostics in Frameworks */,
				5A0000000000000000000016 /* MLX in Frameworks */,
				5A0000000000000000000017 /* MLXLLM in Frameworks */,
				5A000000000000000000001D /* MLXLMCommon in Frameworks */,
				5A000000000000000000001E /* MLXLMTokenizers in Frameworks */,
				5A00000000000000000000E1 /* MLXEmbedders in Frameworks */,
			);
			runOnlyForDeploymentPostprocessing = 0;
		};
/* End PBXFrameworksBuildPhase section */

/* Begin PBXGroup section */
		5A0000000000000000000901 = {
			isa = PBXGroup;
			children = (
				5A0000000000000000000902 /* SupraAI */,
				5A0000000000000000000905 /* SupraRuntimeService */,
				5A0000000000000000000908 /* Products */,
				BF3077214ED3DEA14E6323B6 /* Frameworks */,
				AE90B19C0091A63F14B77E69 /* SupraAIUITests */,
			);
			sourceTree = "<group>";
		};
		5A0000000000000000000902 /* SupraAI */ = {
			isa = PBXGroup;
			children = (
				5A0000000000000000000101 /* SupraAIApp.swift */,
				5A0000000000000000000102 /* AppEnvironment.swift */,
				5A0000000000000000000103 /* RootView.swift */,
				5A0000000000000000000104 /* MainShellView.swift */,
				5A0000000000000000000105 /* SidebarView.swift */,
				5A0000000000000000000112 /* GlobalChatsView.swift */,
				5A0000000000000000000113 /* ModelsView.swift */,
				5A0000000000000000000114 /* DiagnosticsView.swift */,
				5A0000000000000000000115 /* SettingsView.swift */,
				5A0000000000000000000906 /* Matters */,
				5A0000000000000000000907 /* Research */,
				5A0000000000000000000909 /* Authorities */,
				5A000000000000000000090A /* Outputs */,
				5A000000000000000000090B /* Documents */,
				5A0000000000000000000903 /* Navigation */,
				5A0000000000000000000904 /* Status */,
				5A000000000000000000010B /* SupraAI.entitlements */,
				A9C463ED2E226080392F154A /* Assets.xcassets */,
			);
			path = SupraAI;
			sourceTree = "<group>";
		};
		5A0000000000000000000903 /* Navigation */ = {
			isa = PBXGroup;
			children = (
				5A0000000000000000000106 /* AppRoute.swift */,
			);
			path = Navigation;
			sourceTree = "<group>";
		};
		5A0000000000000000000904 /* Status */ = {
			isa = PBXGroup;
			children = (
				5A0000000000000000000107 /* RuntimeStatusController.swift */,
			);
			path = Status;
			sourceTree = "<group>";
		};
		5A0000000000000000000905 /* SupraRuntimeService */ = {
			isa = PBXGroup;
			children = (
				5A0000000000000000000108 /* main.swift */,
				5A0000000000000000000109 /* RuntimeServiceDelegate.swift */,
				5A000000000000000000010A /* SupraRuntimeService.swift */,
				5A000000000000000000010D /* RuntimeGenerationCoordinator.swift */,
				5A000000000000000000010E /* GenerationEventBuffer.swift */,
				5A000000000000000000010F /* MLXModelController.swift */,
				5A0000000000000000000130 /* MLXEmbeddingModelController.swift */,
				5A0000000000000000000111 /* RuntimeErrorMapper.swift */,
				5A000000000000000000010C /* SupraRuntimeService.entitlements */,
			);
			path = SupraRuntimeService;
			sourceTree = "<group>";
		};
		5A0000000000000000000906 /* Matters */ = {
			isa = PBXGroup;
			children = (
				5A0000000000000000000117 /* MatterWorkspaceView.swift */,
				5A0000000000000000000118 /* MatterEditorSheet.swift */,
			);
			path = Matters;
			sourceTree = "<group>";
		};
		5A0000000000000000000907 /* Research */ = {
			isa = PBXGroup;
			children = (
				5A0000000000000000000119 /* MatterResearchView.swift */,
				5A000000000000000000011A /* ResearchPlannerView.swift */,
				5A000000000000000000011B /* ResearchSessionDetailView.swift */,
			);
			path = Research;
			sourceTree = "<group>";
		};
		5A0000000000000000000908 /* Products */ = {
			isa = PBXGroup;
			children = (
				5A0000000000000000000201 /* SupraAI.app */,
				5A0000000000000000000202 /* SupraRuntimeService.xpc */,
				D8C3C2791CDAA8C922BB1970 /* SupraAIUITests.xctest */,
			);
			name = Products;
			sourceTree = "<group>";
		};
		5A0000000000000000000909 /* Authorities */ = {
			isa = PBXGroup;
			children = (
				5A000000000000000000011C /* MatterAuthoritiesView.swift */,
				5A000000000000000000011D /* AuthorityDetailView.swift */,
			);
			path = Authorities;
			sourceTree = "<group>";
		};
		5A000000000000000000090A /* Outputs */ = {
			isa = PBXGroup;
			children = (
				5A000000000000000000011E /* MatterOutputsView.swift */,
				5A000000000000000000011F /* OutputDetailView.swift */,
			);
			path = Outputs;
			sourceTree = "<group>";
		};
		5A000000000000000000090B /* Documents */ = {
			isa = PBXGroup;
			children = (
				5A0000000000000000000131 /* MatterDocumentsView.swift */,
			);
			path = Documents;
			sourceTree = "<group>";
		};
		AE90B19C0091A63F14B77E69 /* SupraAIUITests */ = {
			isa = PBXGroup;
			children = (
				BDDEEEEA83AAE455AE64D9F5 /* ResearchAuthoritiesUITests.swift */,
			);
			path = SupraAIUITests;
			sourceTree = "<group>";
		};
		BF3077214ED3DEA14E6323B6 /* Frameworks */ = {
			isa = PBXGroup;
			children = (
				C972049178ED17C2B18A9347 /* OS X */,
			);
			name = Frameworks;
			sourceTree = "<group>";
		};
		C972049178ED17C2B18A9347 /* OS X */ = {
			isa = PBXGroup;
			children = (
				45DF0346474345DA98F88B95 /* Cocoa.framework */,
			);
			name = "OS X";
			sourceTree = "<group>";
		};
/* End PBXGroup section */

/* Begin PBXNativeTarget section */
		5A0000000000000000000601 /* SupraAI */ = {
			isa = PBXNativeTarget;
			buildConfigurationList = 5A0000000000000000000A02 /* Build configuration list for PBXNativeTarget "SupraAI" */;
			buildPhases = (
				5A0000000000000000000B01 /* Sources */,
				5A0000000000000000000801 /* Frameworks */,
				5A0000000000000000000C01 /* Resources */,
				5A0000000000000000000F01 /* Generate full app icon ICNS */,
				5A0000000000000000000701 /* Embed XPC Services */,
			);
			buildRules = (
			);
			dependencies = (
				5A0000000000000000000502 /* PBXTargetDependency */,
			);
			name = SupraAI;
			packageProductDependencies = (
				5A0000000000000000000401 /* SupraCore */,
				5A0000000000000000000402 /* SupraStore */,
				5A0000000000000000000403 /* SupraRuntimeInterface */,
				5A0000000000000000000404 /* SupraRuntimeClient */,
				5A0000000000000000000405 /* SupraDiagnostics */,
				5A0000000000000000000406 /* SupraDesignSystem */,
				5A000000000000000000040A /* GRDB */,
				5A000000000000000000040F /* SupraSessions */,
				5A0000000000000000000410 /* SupraNetworking */,
				5A0000000000000000000411 /* SupraResearch */,
			);
			productName = SupraAI;
			productReference = 5A0000000000000000000201 /* SupraAI.app */;
			productType = "com.apple.product-type.application";
		};
		5A0000000000000000000602 /* SupraRuntimeService */ = {
			isa = PBXNativeTarget;
			buildConfigurationList = 5A0000000000000000000A03 /* Build configuration list for PBXNativeTarget "SupraRuntimeService" */;
			buildPhases = (
				5A0000000000000000000B02 /* Sources */,
				5A0000000000000000000802 /* Frameworks */,
				5A0000000000000000000C02 /* Resources */,
			);
			buildRules = (
			);
			dependencies = (
			);
			name = SupraRuntimeService;
			packageProductDependencies = (
				5A0000000000000000000407 /* SupraCore */,
				5A0000000000000000000408 /* SupraRuntimeInterface */,
				5A0000000000000000000409 /* SupraDiagnostics */,
				5A000000000000000000040B /* MLX */,
				5A000000000000000000040C /* MLXLLM */,
				5A000000000000000000040D /* MLXLMCommon */,
				5A000000000000000000040E /* MLXLMTokenizers */,
				5A0000000000000000000421 /* MLXEmbedders */,
			);
			productName = SupraRuntimeService;
			productReference = 5A0000000000000000000202 /* SupraRuntimeService.xpc */;
			productType = "com.apple.product-type.xpc-service";
		};
		DA390939A0A4B888BA1A0372 /* SupraAIUITests */ = {
			isa = PBXNativeTarget;
			buildConfigurationList = A9B4934FA5526DB3B170693C /* Build configuration list for PBXNativeTarget "SupraAIUITests" */;
			buildPhases = (
				EA67BEC35766FA68F86984D8 /* Sources */,
				479F354D208F251234174CF6 /* Frameworks */,
				12F661F3531260046FB26277 /* Resources */,
			);
			buildRules = (
			);
			dependencies = (
				C9127293BA939FADB0F59C22 /* PBXTargetDependency */,
			);
			name = SupraAIUITests;
			productName = SupraAIUITests;
			productReference = D8C3C2791CDAA8C922BB1970 /* SupraAIUITests.xctest */;
			productType = "com.apple.product-type.bundle.ui-testing";
		};
/* End PBXNativeTarget section */

/* Begin PBXProject section */
		5A0000000000000000000301 /* Project object */ = {
			isa = PBXProject;
			attributes = {
				BuildIndependentTargetsInParallel = 1;
				LastSwiftUpdateCheck = 1600;
				LastUpgradeCheck = 1600;
				TargetAttributes = {
					5A0000000000000000000601 = {
						CreatedOnToolsVersion = 16.0;
					};
					5A0000000000000000000602 = {
						CreatedOnToolsVersion = 16.0;
					};
				};
			};
			buildConfigurationList = 5A0000000000000000000A01 /* Build configuration list for PBXProject "SupraAI" */;
			compatibilityVersion = "Xcode 15.0";
			developmentRegion = en;
			hasScannedForEncodings = 0;
			knownRegions = (
				en,
				Base,
			);
			mainGroup = 5A0000000000000000000901;
			packageReferences = (
				5A0000000000000000000302 /* XCLocalSwiftPackageReference "SupraCore" */,
				5A0000000000000000000303 /* XCLocalSwiftPackageReference "SupraStore" */,
				5A0000000000000000000304 /* XCLocalSwiftPackageReference "SupraRuntimeInterface" */,
				5A0000000000000000000305 /* XCLocalSwiftPackageReference "SupraRuntimeClient" */,
				5A0000000000000000000306 /* XCLocalSwiftPackageReference "SupraDiagnostics" */,
				5A0000000000000000000307 /* XCLocalSwiftPackageReference "SupraDesignSystem" */,
				5A000000000000000000030D /* XCLocalSwiftPackageReference "SupraSessions" */,
				5A000000000000000000030E /* XCLocalSwiftPackageReference "SupraNetworking" */,
				5A000000000000000000030F /* XCLocalSwiftPackageReference "SupraResearch" */,
				5A0000000000000000000308 /* XCRemoteSwiftPackageReference "GRDB.swift" */,
				5A0000000000000000000309 /* XCRemoteSwiftPackageReference "mlx-swift" */,
				5A000000000000000000030A /* XCRemoteSwiftPackageReference "mlx-swift-lm" */,
				5A000000000000000000030B /* XCRemoteSwiftPackageReference "swift-tokenizers-mlx" */,
				5A000000000000000000030C /* XCRemoteSwiftPackageReference "swift-tokenizers" */,
			);
			productRefGroup = 5A0000000000000000000908 /* Products */;
			projectDirPath = "";
			projectRoot = "";
			targets = (
				5A0000000000000000000601 /* SupraAI */,
				5A0000000000000000000602 /* SupraRuntimeService */,
				DA390939A0A4B888BA1A0372 /* SupraAIUITests */,
			);
		};
/* End PBXProject section */

/* Begin PBXResourcesBuildPhase section */
		12F661F3531260046FB26277 /* Resources */ = {
			isa = PBXResourcesBuildPhase;
			buildActionMask = 2147483647;
			files = (
			);
			runOnlyForDeploymentPostprocessing = 0;
		};
		5A0000000000000000000C01 /* Resources */ = {
			isa = PBXResourcesBuildPhase;
			buildActionMask = 2147483647;
			files = (
				58BC6CD3754B6B7C554C2FCF /* Assets.xcassets in Resources */,
			);
			runOnlyForDeploymentPostprocessing = 0;
		};
		5A0000000000000000000C02 /* Resources */ = {
			isa = PBXResourcesBuildPhase;
			buildActionMask = 2147483647;
			files = (
			);
			runOnlyForDeploymentPostprocessing = 0;
		};
/* End PBXResourcesBuildPhase section */

/* Begin PBXShellScriptBuildPhase section */
		5A0000000000000000000F01 /* Generate full app icon ICNS */ = {
			isa = PBXShellScriptBuildPhase;
			alwaysOutOfDate = 1;
			buildActionMask = 2147483647;
			files = (
			);
			inputFileListPaths = (
			);
			inputPaths = (
				"$(SRCROOT)/Scripts/GenerateFullAppIconICNS.sh",
				"$(SRCROOT)/SupraAI/Assets.xcassets/AppIcon.appiconset/icon_16.png",
				"$(SRCROOT)/SupraAI/Assets.xcassets/AppIcon.appiconset/icon_32.png",
				"$(SRCROOT)/SupraAI/Assets.xcassets/AppIcon.appiconset/icon_64.png",
				"$(SRCROOT)/SupraAI/Assets.xcassets/AppIcon.appiconset/icon_128.png",
				"$(SRCROOT)/SupraAI/Assets.xcassets/AppIcon.appiconset/icon_256.png",
				"$(SRCROOT)/SupraAI/Assets.xcassets/AppIcon.appiconset/icon_512.png",
				"$(SRCROOT)/SupraAI/Assets.xcassets/AppIcon.appiconset/icon_1024.png",
			);
			name = "Generate full app icon ICNS";
			outputFileListPaths = (
			);
			outputPaths = (
				"$(TARGET_BUILD_DIR)/$(UNLOCALIZED_RESOURCES_FOLDER_PATH)/AppIcon.icns",
			);
			runOnlyForDeploymentPostprocessing = 0;
			shellPath = /bin/sh;
			shellScript = "\"${SRCROOT}/Scripts/GenerateFullAppIconICNS.sh\"\n";
		};
/* End PBXShellScriptBuildPhase section */

/* Begin PBXSourcesBuildPhase section */
		5A0000000000000000000B01 /* Sources */ = {
			isa = PBXSourcesBuildPhase;
			buildActionMask = 2147483647;
			files = (
				5A0000000000000000000001 /* SupraAIApp.swift in Sources */,
				5A0000000000000000000002 /* AppEnvironment.swift in Sources */,
				5A0000000000000000000003 /* RootView.swift in Sources */,
				5A0000000000000000000004 /* MainShellView.swift in Sources */,
				5A0000000000000000000005 /* SidebarView.swift in Sources */,
				5A0000000000000000000006 /* AppRoute.swift in Sources */,
				5A0000000000000000000007 /* RuntimeStatusController.swift in Sources */,
				5A000000000000000000001F /* GlobalChatsView.swift in Sources */,
				5A0000000000000000000020 /* ModelsView.swift in Sources */,
				5A0000000000000000000022 /* DiagnosticsView.swift in Sources */,
				5A0000000000000000000023 /* SettingsView.swift in Sources */,
				5A0000000000000000000027 /* MatterWorkspaceView.swift in Sources */,
				5A0000000000000000000028 /* MatterEditorSheet.swift in Sources */,
				5A0000000000000000000029 /* MatterResearchView.swift in Sources */,
				5A000000000000000000002A /* ResearchPlannerView.swift in Sources */,
				5A000000000000000000002B /* ResearchSessionDetailView.swift in Sources */,
				5A000000000000000000002C /* MatterAuthoritiesView.swift in Sources */,
				5A000000000000000000002D /* AuthorityDetailView.swift in Sources */,
				5A000000000000000000002E /* MatterOutputsView.swift in Sources */,
				5A00000000000000000000E3 /* MatterDocumentsView.swift in Sources */,
				5A000000000000000000002F /* OutputDetailView.swift in Sources */,
			);
			runOnlyForDeploymentPostprocessing = 0;
		};
		5A0000000000000000000B02 /* Sources */ = {
			isa = PBXSourcesBuildPhase;
			buildActionMask = 2147483647;
			files = (
				5A0000000000000000000008 /* main.swift in Sources */,
				5A0000000000000000000009 /* RuntimeServiceDelegate.swift in Sources */,
				5A000000000000000000000A /* SupraRuntimeService.swift in Sources */,
				5A0000000000000000000018 /* RuntimeGenerationCoordinator.swift in Sources */,
				5A0000000000000000000019 /* GenerationEventBuffer.swift in Sources */,
				5A000000000000000000001A /* MLXModelController.swift in Sources */,
				5A00000000000000000000E2 /* MLXEmbeddingModelController.swift in Sources */,
				5A000000000000000000001C /* RuntimeErrorMapper.swift in Sources */,
			);
			runOnlyForDeploymentPostprocessing = 0;
		};
		EA67BEC35766FA68F86984D8 /* Sources */ = {
			isa = PBXSourcesBuildPhase;
			buildActionMask = 2147483647;
			files = (
				89AC1CC2D0CFEA61CB407D94 /* ResearchAuthoritiesUITests.swift in Sources */,
			);
			runOnlyForDeploymentPostprocessing = 0;
		};
/* End PBXSourcesBuildPhase section */

/* Begin PBXTargetDependency section */
		5A0000000000000000000502 /* PBXTargetDependency */ = {
			isa = PBXTargetDependency;
			target = 5A0000000000000000000602 /* SupraRuntimeService */;
			targetProxy = 5A0000000000000000000501 /* PBXContainerItemProxy */;
		};
		C9127293BA939FADB0F59C22 /* PBXTargetDependency */ = {
			isa = PBXTargetDependency;
			name = SupraAI;
			target = 5A0000000000000000000601 /* SupraAI */;
			targetProxy = 1CD162E62CCA99A98C184B7D /* PBXContainerItemProxy */;
		};
/* End PBXTargetDependency section */

/* Begin XCBuildConfiguration section */
		299A7128E364C5A478CA7E3C /* Release */ = {
			isa = XCBuildConfiguration;
			buildSettings = {
				CODE_SIGN_IDENTITY = "Developer ID Application";
				CODE_SIGN_STYLE = Manual;
				DEVELOPMENT_TEAM = 2DP657YB3K;
				ENABLE_HARDENED_RUNTIME = YES;
				GENERATE_INFOPLIST_FILE = YES;
				INFOPLIST_KEY_NSPrincipalClass = "";
				MACOSX_DEPLOYMENT_TARGET = 15.0;
				PRODUCT_BUNDLE_IDENTIFIER = ai.supra.SupraAIUITests;
				PRODUCT_MODULE_NAME = SupraAIUITests;
				PRODUCT_NAME = "$(TARGET_NAME)";
				SDKROOT = macosx;
				SWIFT_EMIT_LOC_STRINGS = NO;
				SWIFT_VERSION = 6.0;
				TEST_TARGET_NAME = SupraAI;
			};
			name = Release;
		};
		5A0000000000000000000D01 /* Debug */ = {
			isa = XCBuildConfiguration;
			buildSettings = {
				CLANG_ANALYZER_NONNULL = YES;
				CLANG_ANALYZER_NUMBER_OBJECT_CONVERSION = YES_AGGRESSIVE;
				CLANG_CXX_LANGUAGE_STANDARD = "gnu++20";
				CLANG_ENABLE_MODULES = YES;
				CLANG_ENABLE_OBJC_ARC = YES;
				CLANG_ENABLE_OBJC_WEAK = YES;
				CLANG_WARN_BLOCK_CAPTURE_AUTORELEASING = YES;
				CLANG_WARN_BOOL_CONVERSION = YES;
				CLANG_WARN_COMMA = YES;
				CLANG_WARN_CONSTANT_CONVERSION = YES;
				CLANG_WARN_DEPRECATED_OBJC_IMPLEMENTATIONS = YES;
				CLANG_WARN_DIRECT_OBJC_ISA_USAGE = YES_ERROR;
				CLANG_WARN_DOCUMENTATION_COMMENTS = YES;
				CLANG_WARN_EMPTY_BODY = YES;
				CLANG_WARN_ENUM_CONVERSION = YES;
				CLANG_WARN_INFINITE_RECURSION = YES;
				CLANG_WARN_INT_CONVERSION = YES;
				CLANG_WARN_NON_LITERAL_NULL_CONVERSION = YES;
				CLANG_WARN_OBJC_IMPLICIT_RETAIN_SELF = YES;
				CLANG_WARN_OBJC_LITERAL_CONVERSION = YES;
				CLANG_WARN_OBJC_ROOT_CLASS = YES_ERROR;
				CLANG_WARN_QUOTED_INCLUDE_IN_FRAMEWORK_HEADER = YES;
				CLANG_WARN_RANGE_LOOP_ANALYSIS = YES;
				CLANG_WARN_STRICT_PROTOTYPES = YES;
				CLANG_WARN_SUSPICIOUS_MOVE = YES;
				CLANG_WARN_UNGUARDED_AVAILABILITY = YES_AGGRESSIVE;
				CLANG_WARN_UNREACHABLE_CODE = YES;
				CLANG_WARN__DUPLICATE_METHOD_MATCH = YES;
				COPY_PHASE_STRIP = NO;
				DEBUG_INFORMATION_FORMAT = dwarf;
				ENABLE_STRICT_OBJC_MSGSEND = YES;
				ENABLE_TESTABILITY = YES;
				GCC_C_LANGUAGE_STANDARD = gnu17;
				GCC_DYNAMIC_NO_PIC = NO;
				GCC_NO_COMMON_BLOCKS = YES;
				GCC_OPTIMIZATION_LEVEL = 0;
				GCC_PREPROCESSOR_DEFINITIONS = (
					"DEBUG=1",
					"$(inherited)",
				);
				GCC_WARN_64_TO_32_BIT_CONVERSION = YES;
				GCC_WARN_ABOUT_RETURN_TYPE = YES_ERROR;
				GCC_WARN_UNDECLARED_SELECTOR = YES;
				GCC_WARN_UNINITIALIZED_AUTOS = YES_AGGRESSIVE;
				GCC_WARN_UNUSED_FUNCTION = YES;
				GCC_WARN_UNUSED_VARIABLE = YES;
				MACOSX_DEPLOYMENT_TARGET = 15.0;
				MTL_ENABLE_DEBUG_INFO = INCLUDE_SOURCE;
				MTL_FAST_MATH = YES;
				ONLY_ACTIVE_ARCH = YES;
				SDKROOT = macosx;
				SWIFT_ACTIVE_COMPILATION_CONDITIONS = DEBUG;
				SWIFT_OPTIMIZATION_LEVEL = "-Onone";
				SWIFT_VERSION = 6.0;
			};
			name = Debug;
		};
		5A0000000000000000000D02 /* Release */ = {
			isa = XCBuildConfiguration;
			buildSettings = {
				CLANG_ANALYZER_NONNULL = YES;
				CLANG_ANALYZER_NUMBER_OBJECT_CONVERSION = YES_AGGRESSIVE;
				CLANG_CXX_LANGUAGE_STANDARD = "gnu++20";
				CLANG_ENABLE_MODULES = YES;
				CLANG_ENABLE_OBJC_ARC = YES;
				CLANG_ENABLE_OBJC_WEAK = YES;
				CLANG_WARN_BLOCK_CAPTURE_AUTORELEASING = YES;
				CLANG_WARN_BOOL_CONVERSION = YES;
				CLANG_WARN_COMMA = YES;
				CLANG_WARN_CONSTANT_CONVERSION = YES;
				CLANG_WARN_DEPRECATED_OBJC_IMPLEMENTATIONS = YES;
				CLANG_WARN_DIRECT_OBJC_ISA_USAGE = YES_ERROR;
				CLANG_WARN_DOCUMENTATION_COMMENTS = YES;
				CLANG_WARN_EMPTY_BODY = YES;
				CLANG_WARN_ENUM_CONVERSION = YES;
				CLANG_WARN_INFINITE_RECURSION = YES;
				CLANG_WARN_INT_CONVERSION = YES;
				CLANG_WARN_NON_LITERAL_NULL_CONVERSION = YES;
				CLANG_WARN_OBJC_IMPLICIT_RETAIN_SELF = YES;
				CLANG_WARN_OBJC_LITERAL_CONVERSION = YES;
				CLANG_WARN_OBJC_ROOT_CLASS = YES_ERROR;
				CLANG_WARN_QUOTED_INCLUDE_IN_FRAMEWORK_HEADER = YES;
				CLANG_WARN_RANGE_LOOP_ANALYSIS = YES;
				CLANG_WARN_STRICT_PROTOTYPES = YES;
				CLANG_WARN_SUSPICIOUS_MOVE = YES;
				CLANG_WARN_UNGUARDED_AVAILABILITY = YES_AGGRESSIVE;
				CLANG_WARN_UNREACHABLE_CODE = YES;
				CLANG_WARN__DUPLICATE_METHOD_MATCH = YES;
				COPY_PHASE_STRIP = NO;
				DEBUG_INFORMATION_FORMAT = "dwarf-with-dsym";
				ENABLE_NS_ASSERTIONS = NO;
				ENABLE_STRICT_OBJC_MSGSEND = YES;
				GCC_C_LANGUAGE_STANDARD = gnu17;
				GCC_NO_COMMON_BLOCKS = YES;
				GCC_WARN_64_TO_32_BIT_CONVERSION = YES;
				GCC_WARN_ABOUT_RETURN_TYPE = YES_ERROR;
				GCC_WARN_UNDECLARED_SELECTOR = YES;
				GCC_WARN_UNINITIALIZED_AUTOS = YES_AGGRESSIVE;
				GCC_WARN_UNUSED_FUNCTION = YES;
				GCC_WARN_UNUSED_VARIABLE = YES;
				MACOSX_DEPLOYMENT_TARGET = 15.0;
				MTL_ENABLE_DEBUG_INFO = NO;
				MTL_FAST_MATH = YES;
				SDKROOT = macosx;
				SWIFT_COMPILATION_MODE = wholemodule;
				SWIFT_OPTIMIZATION_LEVEL = "-O";
				SWIFT_VERSION = 6.0;
			};
			name = Release;
		};
		5A0000000000000000000D03 /* Debug */ = {
			isa = XCBuildConfiguration;
			buildSettings = {
				ASSETCATALOG_COMPILER_APPICON_NAME = AppIcon;
				CODE_SIGN_ENTITLEMENTS = SupraAI/SupraAI.entitlements;
				CODE_SIGN_IDENTITY = "Developer ID Application";
				CODE_SIGN_STYLE = Manual;
				COMBINE_HIDPI_IMAGES = YES;
				CURRENT_PROJECT_VERSION = 4;
				DEVELOPMENT_TEAM = 2DP657YB3K;
				GENERATE_INFOPLIST_FILE = YES;
				INFOPLIST_KEY_CFBundleDisplayName = "Supra AI";
				INFOPLIST_KEY_LSApplicationCategoryType = "public.app-category.productivity";
				LD_RUNPATH_SEARCH_PATHS = (
					"$(inherited)",
					"@executable_path/../Frameworks",
				);
				MACOSX_DEPLOYMENT_TARGET = 15.0;
				MARKETING_VERSION = 1.3.0;
				PRODUCT_BUNDLE_IDENTIFIER = ai.supra.SupraAI;
				PRODUCT_NAME = "$(TARGET_NAME)";
				SWIFT_VERSION = 6.0;
			};
			name = Debug;
		};
		5A0000000000000000000D04 /* Release */ = {
			isa = XCBuildConfiguration;
			buildSettings = {
				ASSETCATALOG_COMPILER_APPICON_NAME = AppIcon;
				CODE_SIGN_ENTITLEMENTS = SupraAI/SupraAI.entitlements;
				CODE_SIGN_IDENTITY = "Developer ID Application";
				CODE_SIGN_STYLE = Manual;
				COMBINE_HIDPI_IMAGES = YES;
				CURRENT_PROJECT_VERSION = 4;
				DEVELOPMENT_TEAM = 2DP657YB3K;
				ENABLE_HARDENED_RUNTIME = YES;
				GENERATE_INFOPLIST_FILE = YES;
				INFOPLIST_KEY_CFBundleDisplayName = "Supra AI";
				INFOPLIST_KEY_LSApplicationCategoryType = "public.app-category.productivity";
				LD_RUNPATH_SEARCH_PATHS = (
					"$(inherited)",
					"@executable_path/../Frameworks",
				);
				MACOSX_DEPLOYMENT_TARGET = 15.0;
				MARKETING_VERSION = 1.3.0;
				PRODUCT_BUNDLE_IDENTIFIER = ai.supra.SupraAI;
				PRODUCT_NAME = "$(TARGET_NAME)";
				SWIFT_VERSION = 6.0;
			};
			name = Release;
		};
		5A0000000000000000000D05 /* Debug */ = {
			isa = XCBuildConfiguration;
			buildSettings = {
				CODE_SIGN_ENTITLEMENTS = SupraRuntimeService/SupraRuntimeService.entitlements;
				CODE_SIGN_IDENTITY = "Developer ID Application";
				CODE_SIGN_STYLE = Manual;
				CURRENT_PROJECT_VERSION = 4;
				DEVELOPMENT_TEAM = 2DP657YB3K;
				GENERATE_INFOPLIST_FILE = YES;
				INFOPLIST_FILE = SupraRuntimeService/Info.plist;
				INFOPLIST_KEY_CFBundleDisplayName = SupraRuntimeService;
				LD_RUNPATH_SEARCH_PATHS = (
					"$(inherited)",
					"@executable_path/../Frameworks",
					"@loader_path/../Frameworks",
				);
				MACOSX_DEPLOYMENT_TARGET = 15.0;
				MARKETING_VERSION = 1.3.0;
				PRODUCT_BUNDLE_IDENTIFIER = ai.supra.SupraAI.SupraRuntimeService;
				PRODUCT_NAME = "$(TARGET_NAME)";
				SKIP_INSTALL = YES;
				SWIFT_VERSION = 6.0;
			};
			name = Debug;
		};
		5A0000000000000000000D06 /* Release */ = {
			isa = XCBuildConfiguration;
			buildSettings = {
				CODE_SIGN_ENTITLEMENTS = SupraRuntimeService/SupraRuntimeService.entitlements;
				CODE_SIGN_IDENTITY = "Developer ID Application";
				CODE_SIGN_STYLE = Manual;
				CURRENT_PROJECT_VERSION = 4;
				DEVELOPMENT_TEAM = 2DP657YB3K;
				ENABLE_HARDENED_RUNTIME = YES;
				GENERATE_INFOPLIST_FILE = YES;
				INFOPLIST_FILE = SupraRuntimeService/Info.plist;
				INFOPLIST_KEY_CFBundleDisplayName = SupraRuntimeService;
				LD_RUNPATH_SEARCH_PATHS = (
					"$(inherited)",
					"@executable_path/../Frameworks",
					"@loader_path/../Frameworks",
				);
				MACOSX_DEPLOYMENT_TARGET = 15.0;
				MARKETING_VERSION = 1.3.0;
				PRODUCT_BUNDLE_IDENTIFIER = ai.supra.SupraAI.SupraRuntimeService;
				PRODUCT_NAME = "$(TARGET_NAME)";
				SKIP_INSTALL = YES;
				SWIFT_VERSION = 6.0;
			};
			name = Release;
		};
		E6372427D6D21234A32994BF /* Debug */ = {
			isa = XCBuildConfiguration;
			buildSettings = {
				CODE_SIGN_IDENTITY = "Developer ID Application";
				CODE_SIGN_STYLE = Manual;
				DEVELOPMENT_TEAM = 2DP657YB3K;
				GENERATE_INFOPLIST_FILE = YES;
				INFOPLIST_KEY_NSPrincipalClass = "";
				MACOSX_DEPLOYMENT_TARGET = 15.0;
				PRODUCT_BUNDLE_IDENTIFIER = ai.supra.SupraAIUITests;
				PRODUCT_MODULE_NAME = SupraAIUITests;
				PRODUCT_NAME = "$(TARGET_NAME)";
				SDKROOT = macosx;
				SWIFT_EMIT_LOC_STRINGS = NO;
				SWIFT_VERSION = 6.0;
				TEST_TARGET_NAME = SupraAI;
			};
			name = Debug;
		};
/* End XCBuildConfiguration section */

/* Begin XCConfigurationList section */
		5A0000000000000000000A01 /* Build configuration list for PBXProject "SupraAI" */ = {
			isa = XCConfigurationList;
			buildConfigurations = (
				5A0000000000000000000D01 /* Debug */,
				5A0000000000000000000D02 /* Release */,
			);
			defaultConfigurationIsVisible = 0;
			defaultConfigurationName = Release;
		};
		5A0000000000000000000A02 /* Build configuration list for PBXNativeTarget "SupraAI" */ = {
			isa = XCConfigurationList;
			buildConfigurations = (
				5A0000000000000000000D03 /* Debug */,
				5A0000000000000000000D04 /* Release */,
			);
			defaultConfigurationIsVisible = 0;
			defaultConfigurationName = Release;
		};
		5A0000000000000000000A03 /* Build configuration list for PBXNativeTarget "SupraRuntimeService" */ = {
			isa = XCConfigurationList;
			buildConfigurations = (
				5A0000000000000000000D05 /* Debug */,
				5A0000000000000000000D06 /* Release */,
			);
			defaultConfigurationIsVisible = 0;
			defaultConfigurationName = Release;
		};
		A9B4934FA5526DB3B170693C /* Build configuration list for PBXNativeTarget "SupraAIUITests" */ = {
			isa = XCConfigurationList;
			buildConfigurations = (
				299A7128E364C5A478CA7E3C /* Release */,
				E6372427D6D21234A32994BF /* Debug */,
			);
			defaultConfigurationIsVisible = 0;
			defaultConfigurationName = Release;
		};
/* End XCConfigurationList section */

/* Begin XCLocalSwiftPackageReference section */
		5A0000000000000000000302 /* XCLocalSwiftPackageReference "SupraCore" */ = {
			isa = XCLocalSwiftPackageReference;
			relativePath = ../../Packages/SupraCore;
		};
		5A0000000000000000000303 /* XCLocalSwiftPackageReference "SupraStore" */ = {
			isa = XCLocalSwiftPackageReference;
			relativePath = ../../Packages/SupraStore;
		};
		5A0000000000000000000304 /* XCLocalSwiftPackageReference "SupraRuntimeInterface" */ = {
			isa = XCLocalSwiftPackageReference;
			relativePath = ../../Packages/SupraRuntimeInterface;
		};
		5A0000000000000000000305 /* XCLocalSwiftPackageReference "SupraRuntimeClient" */ = {
			isa = XCLocalSwiftPackageReference;
			relativePath = ../../Packages/SupraRuntimeClient;
		};
		5A0000000000000000000306 /* XCLocalSwiftPackageReference "SupraDiagnostics" */ = {
			isa = XCLocalSwiftPackageReference;
			relativePath = ../../Packages/SupraDiagnostics;
		};
		5A0000000000000000000307 /* XCLocalSwiftPackageReference "SupraDesignSystem" */ = {
			isa = XCLocalSwiftPackageReference;
			relativePath = ../../Packages/SupraDesignSystem;
		};
		5A000000000000000000030D /* XCLocalSwiftPackageReference "SupraSessions" */ = {
			isa = XCLocalSwiftPackageReference;
			relativePath = ../../Packages/SupraSessions;
		};
		5A000000000000000000030E /* XCLocalSwiftPackageReference "SupraNetworking" */ = {
			isa = XCLocalSwiftPackageReference;
			relativePath = ../../Packages/SupraNetworking;
		};
		5A000000000000000000030F /* XCLocalSwiftPackageReference "SupraResearch" */ = {
			isa = XCLocalSwiftPackageReference;
			relativePath = ../../Packages/SupraResearch;
		};
/* End XCLocalSwiftPackageReference section */

/* Begin XCRemoteSwiftPackageReference section */
		5A0000000000000000000308 /* XCRemoteSwiftPackageReference "GRDB.swift" */ = {
			isa = XCRemoteSwiftPackageReference;
			repositoryURL = "https://github.com/groue/GRDB.swift.git";
			requirement = {
				kind = exactVersion;
				version = 7.11.0;
			};
		};
		5A0000000000000000000309 /* XCRemoteSwiftPackageReference "mlx-swift" */ = {
			isa = XCRemoteSwiftPackageReference;
			repositoryURL = "https://github.com/ml-explore/mlx-swift.git";
			requirement = {
				kind = exactVersion;
				version = 0.31.4;
			};
		};
		5A000000000000000000030A /* XCRemoteSwiftPackageReference "mlx-swift-lm" */ = {
			isa = XCRemoteSwiftPackageReference;
			repositoryURL = "https://github.com/ml-explore/mlx-swift-lm.git";
			requirement = {
				kind = exactVersion;
				version = 3.31.3;
			};
		};
		5A000000000000000000030B /* XCRemoteSwiftPackageReference "swift-tokenizers-mlx" */ = {
			isa = XCRemoteSwiftPackageReference;
			repositoryURL = "https://github.com/DePasqualeOrg/swift-tokenizers-mlx.git";
			requirement = {
				kind = exactVersion;
				version = 0.3.0;
			};
		};
		5A000000000000000000030C /* XCRemoteSwiftPackageReference "swift-tokenizers" */ = {
			isa = XCRemoteSwiftPackageReference;
			repositoryURL = "https://github.com/DePasqualeOrg/swift-tokenizers.git";
			requirement = {
				kind = exactVersion;
				version = 0.5.0;
			};
		};
/* End XCRemoteSwiftPackageReference section */

/* Begin XCSwiftPackageProductDependency section */
		5A0000000000000000000401 /* SupraCore */ = {
			isa = XCSwiftPackageProductDependency;
			package = 5A0000000000000000000302 /* XCLocalSwiftPackageReference "SupraCore" */;
			productName = SupraCore;
		};
		5A0000000000000000000402 /* SupraStore */ = {
			isa = XCSwiftPackageProductDependency;
			package = 5A0000000000000000000303 /* XCLocalSwiftPackageReference "SupraStore" */;
			productName = SupraStore;
		};
		5A0000000000000000000403 /* SupraRuntimeInterface */ = {
			isa = XCSwiftPackageProductDependency;
			package = 5A0000000000000000000304 /* XCLocalSwiftPackageReference "SupraRuntimeInterface" */;
			productName = SupraRuntimeInterface;
		};
		5A0000000000000000000404 /* SupraRuntimeClient */ = {
			isa = XCSwiftPackageProductDependency;
			package = 5A0000000000000000000305 /* XCLocalSwiftPackageReference "SupraRuntimeClient" */;
			productName = SupraRuntimeClient;
		};
		5A0000000000000000000405 /* SupraDiagnostics */ = {
			isa = XCSwiftPackageProductDependency;
			package = 5A0000000000000000000306 /* XCLocalSwiftPackageReference "SupraDiagnostics" */;
			productName = SupraDiagnostics;
		};
		5A0000000000000000000406 /* SupraDesignSystem */ = {
			isa = XCSwiftPackageProductDependency;
			package = 5A0000000000000000000307 /* XCLocalSwiftPackageReference "SupraDesignSystem" */;
			productName = SupraDesignSystem;
		};
		5A0000000000000000000407 /* SupraCore */ = {
			isa = XCSwiftPackageProductDependency;
			package = 5A0000000000000000000302 /* XCLocalSwiftPackageReference "SupraCore" */;
			productName = SupraCore;
		};
		5A0000000000000000000408 /* SupraRuntimeInterface */ = {
			isa = XCSwiftPackageProductDependency;
			package = 5A0000000000000000000304 /* XCLocalSwiftPackageReference "SupraRuntimeInterface" */;
			productName = SupraRuntimeInterface;
		};
		5A0000000000000000000409 /* SupraDiagnostics */ = {
			isa = XCSwiftPackageProductDependency;
			package = 5A0000000000000000000306 /* XCLocalSwiftPackageReference "SupraDiagnostics" */;
			productName = SupraDiagnostics;
		};
		5A000000000000000000040A /* GRDB */ = {
			isa = XCSwiftPackageProductDependency;
			package = 5A0000000000000000000308 /* XCRemoteSwiftPackageReference "GRDB.swift" */;
			productName = GRDB;
		};
		5A000000000000000000040B /* MLX */ = {
			isa = XCSwiftPackageProductDependency;
			package = 5A0000000000000000000309 /* XCRemoteSwiftPackageReference "mlx-swift" */;
			productName = MLX;
		};
		5A000000000000000000040C /* MLXLLM */ = {
			isa = XCSwiftPackageProductDependency;
			package = 5A000000000000000000030A /* XCRemoteSwiftPackageReference "mlx-swift-lm" */;
			productName = MLXLLM;
		};
		5A000000000000000000040D /* MLXLMCommon */ = {
			isa = XCSwiftPackageProductDependency;
			package = 5A000000000000000000030A /* XCRemoteSwiftPackageReference "mlx-swift-lm" */;
			productName = MLXLMCommon;
		};
		5A000000000000000000040E /* MLXLMTokenizers */ = {
			isa = XCSwiftPackageProductDependency;
			package = 5A000000000000000000030B /* XCRemoteSwiftPackageReference "swift-tokenizers-mlx" */;
			productName = MLXLMTokenizers;
		};
		5A000000000000000000040F /* SupraSessions */ = {
			isa = XCSwiftPackageProductDependency;
			package = 5A000000000000000000030D /* XCLocalSwiftPackageReference "SupraSessions" */;
			productName = SupraSessions;
		};
		5A0000000000000000000410 /* SupraNetworking */ = {
			isa = XCSwiftPackageProductDependency;
			package = 5A000000000000000000030E /* XCLocalSwiftPackageReference "SupraNetworking" */;
			productName = SupraNetworking;
		};
		5A0000000000000000000411 /* SupraResearch */ = {
			isa = XCSwiftPackageProductDependency;
			package = 5A000000000000000000030F /* XCLocalSwiftPackageReference "SupraResearch" */;
			productName = SupraResearch;
		};
		5A0000000000000000000421 /* MLXEmbedders */ = {
			isa = XCSwiftPackageProductDependency;
			package = 5A000000000000000000030A /* XCRemoteSwiftPackageReference "mlx-swift-lm" */;
			productName = MLXEmbedders;
		};
/* End XCSwiftPackageProductDependency section */
	};
	rootObject = 5A0000000000000000000301 /* Project object */;
}
